// !$*UTF8*$!
{
	archiveVersion = 1;
	classes = {
	};
	objectVersion = 46;
	objects = {

/* Begin PBXBuildFile section */
		D19738531DCB2B540028890F /* CXTools.swift in Sources */ = {isa = PBXBuildFile; fileRef = D19738521DCB2B540028890F /* CXTools.swift */; };
		D1CEEC9D1DC9E6F700412F07 /* main.m in Sources */ = {isa = PBXBuildFile; fileRef = D1CEEC9C1DC9E6F700412F07 /* main.m */; };
		D1CEECA01DC9E6F700412F07 /* AppDelegate.m in Sources */ = {isa = PBXBuildFile; fileRef = D1CEEC9F1DC9E6F700412F07 /* AppDelegate.m */; };
		D1CEECA31DC9E6F700412F07 /* ViewController.m in Sources */ = {isa = PBXBuildFile; fileRef = D1CEECA21DC9E6F700412F07 /* ViewController.m */; };
		D1CEECA61DC9E6F700412F07 /* Main.storyboard in Resources */ = {isa = PBXBuildFile; fileRef = D1CEECA41DC9E6F700412F07 /* Main.storyboard */; };
		D1CEECA81DC9E6F700412F07 /* Assets.xcassets in Resources */ = {isa = PBXBuildFile; fileRef = D1CEECA71DC9E6F700412F07 /* Assets.xcassets */; };
		D1CEECAB1DC9E6F700412F07 /* LaunchScreen.storyboard in Resources */ = {isa = PBXBuildFile; fileRef = D1CEECA91DC9E6F700412F07 /* LaunchScreen.storyboard */; };
		D1CEECB51DC9E80B00412F07 /* CXTools.m in Sources */ = {isa = PBXBuildFile; fileRef = D1CEECB41DC9E80B00412F07 /* CXTools.m */; };
/* End PBXBuildFile section */

/* Begin PBXFileReference section */
		D19738511DCB2B540028890F /* CXTools-Bridging-Header.h */ = {isa = PBXFileReference; lastKnownFileType = sourcecode.c.h; path = "CXTools-Bridging-Header.h"; sourceTree = "<group>"; };
		D19738521DCB2B540028890F /* CXTools.swift */ = {isa = PBXFileReference; fileEncoding = 4; lastKnownFileType = sourcecode.swift; path = CXTools.swift; sourceTree = "<group>"; };
		D1CEEC981DC9E6F700412F07 /* CXTools.app */ = {isa = PBXFileReference; explicitFileType = wrapper.application; includeInIndex = 0; path = CXTools.app; sourceTree = BUILT_PRODUCTS_DIR; };
		D1CEEC9C1DC9E6F700412F07 /* main.m */ = {isa = PBXFileReference; lastKnownFileType = sourcecode.c.objc; path = main.m; sourceTree = "<group>"; };
		D1CEEC9E1DC9E6F700412F07 /* AppDelegate.h */ = {isa = PBXFileReference; lastKnownFileType = sourcecode.c.h; path = AppDelegate.h; sourceTree = "<group>"; };
		D1CEEC9F1DC9E6F700412F07 /* AppDelegate.m */ = {isa = PBXFileReference; lastKnownFileType = sourcecode.c.objc; path = AppDelegate.m; sourceTree = "<group>"; };
		D1CEECA11DC9E6F700412F07 /* ViewController.h */ = {isa = PBXFileReference; lastKnownFileType = sourcecode.c.h; path = ViewController.h; sourceTree = "<group>"; };
		D1CEECA21DC9E6F700412F07 /* ViewController.m */ = {isa = PBXFileReference; lastKnownFileType = sourcecode.c.objc; path = ViewController.m; sourceTree = "<group>"; };
		D1CEECA51DC9E6F700412F07 /* Base */ = {isa = PBXFileReference; lastKnownFileType = file.storyboard; name = Base; path = Base.lproj/Main.storyboard; sourceTree = "<group>"; };
		D1CEECA71DC9E6F700412F07 /* Assets.xcassets */ = {isa = PBXFileReference; lastKnownFileType = folder.assetcatalog; path = Assets.xcassets; sourceTree = "<group>"; };
		D1CEECAA1DC9E6F700412F07 /* Base */ = {isa = PBXFileReference; lastKnownFileType = file.storyboard; name = Base; path = Base.lproj/LaunchScreen.storyboard; sourceTree = "<group>"; };
		D1CEECAC1DC9E6F700412F07 /* Info.plist */ = {isa = PBXFileReference; lastKnownFileType = text.plist.xml; path = Info.plist; sourceTree = "<group>"; };
		D1CEECB31DC9E80B00412F07 /* CXTools.h */ = {isa = PBXFileReference; fileEncoding = 4; lastKnownFileType = sourcecode.c.h; path = CXTools.h; sourceTree = "<group>"; };
		D1CEECB41DC9E80B00412F07 /* CXTools.m */ = {isa = PBXFileReference; fileEncoding = 4; lastKnownFileType = sourcecode.c.objc; path = CXTools.m; sourceTree = "<group>"; };
/* End PBXFileReference section */

/* Begin PBXFrameworksBuildPhase section */
		D1CEEC951DC9E6F700412F07 /* Frameworks */ = {
			isa = PBXFrameworksBuildPhase;
			buildActionMask = 2147483647;
			files = (
			);
			runOnlyForDeploymentPostprocessing = 0;
		};
/* End PBXFrameworksBuildPhase section */

/* Begin PBXGroup section */
		D1CEEC8F1DC9E6F700412F07 = {
			isa = PBXGroup;
			children = (
				D1CEEC9A1DC9E6F700412F07 /* CXTools */,
				D1CEEC991DC9E6F700412F07 /* Products */,
			);
			sourceTree = "<group>";
		};
		D1CEEC991DC9E6F700412F07 /* Products */ = {
			isa = PBXGroup;
			children = (
				D1CEEC981DC9E6F700412F07 /* CXTools.app */,
			);
			name = Products;
			sourceTree = "<group>";
		};
		D1CEEC9A1DC9E6F700412F07 /* CXTools */ = {
			isa = PBXGroup;
			children = (
				D1CEECB21DC9E7E200412F07 /* CXTools */,
				D1CEEC9E1DC9E6F700412F07 /* AppDelegate.h */,
				D1CEEC9F1DC9E6F700412F07 /* AppDelegate.m */,
				D1CEECA11DC9E6F700412F07 /* ViewController.h */,
				D1CEECA21DC9E6F700412F07 /* ViewController.m */,
				D1CEECA41DC9E6F700412F07 /* Main.storyboard */,
				D1CEECA71DC9E6F700412F07 /* Assets.xcassets */,
				D1CEECA91DC9E6F700412F07 /* LaunchScreen.storyboard */,
				D1CEECAC1DC9E6F700412F07 /* Info.plist */,
				D1CEEC9B1DC9E6F700412F07 /* Supporting Files */,
			);
			path = CXTools;
			sourceTree = "<group>";
		};
		D1CEEC9B1DC9E6F700412F07 /* Supporting Files */ = {
			isa = PBXGroup;
			children = (
				D1CEEC9C1DC9E6F700412F07 /* main.m */,
			);
			name = "Supporting Files";
			sourceTree = "<group>";
		};
		D1CEECB21DC9E7E200412F07 /* CXTools */ = {
			isa = PBXGroup;
			children = (
				D1CEECB31DC9E80B00412F07 /* CXTools.h */,
				D1CEECB41DC9E80B00412F07 /* CXTools.m */,
				D19738521DCB2B540028890F /* CXTools.swift */,
				D19738511DCB2B540028890F /* CXTools-Bridging-Header.h */,
			);
			path = CXTools;
			sourceTree = "<group>";
		};
/* End PBXGroup section */

/* Begin PBXNativeTarget section */
		D1CEEC971DC9E6F700412F07 /* CXTools */ = {
			isa = PBXNativeTarget;
			buildConfigurationList = D1CEECAF1DC9E6F700412F07 /* Build configuration list for PBXNativeTarget "CXTools" */;
			buildPhases = (
				D1CEEC941DC9E6F700412F07 /* Sources */,
				D1CEEC951DC9E6F700412F07 /* Frameworks */,
				D1CEEC961DC9E6F700412F07 /* Resources */,
			);
			buildRules = (
			);
			dependencies = (
			);
			name = CXTools;
			productName = CXTools;
			productReference = D1CEEC981DC9E6F700412F07 /* CXTools.app */;
			productType = "com.apple.product-type.application";
		};
/* End PBXNativeTarget section */

/* Begin PBXProject section */
		D1CEEC901DC9E6F700412F07 /* Project object */ = {
			isa = PBXProject;
			attributes = {
				LastUpgradeCheck = 0730;
				ORGANIZATIONNAME = CX;
				TargetAttributes = {
					D1CEEC971DC9E6F700412F07 = {
						CreatedOnToolsVersion = 7.3.1;
						LastSwiftMigration = 0810;
					};
				};
			};
			buildConfigurationList = D1CEEC931DC9E6F700412F07 /* Build configuration list for PBXProject "CXTools" */;
			compatibilityVersion = "Xcode 3.2";
			developmentRegion = English;
			hasScannedForEncodings = 0;
			knownRegions = (
				en,
				Base,
			);
			mainGroup = D1CEEC8F1DC9E6F700412F07;
			productRefGroup = D1CEEC991DC9E6F700412F07 /* Products */;
			projectDirPath = "";
			projectRoot = "";
			targets = (
				D1CEEC971DC9E6F700412F07 /* CXTools */,
			);
		};
/* End PBXProject section */

/* Begin PBXResourcesBuildPhase section */
		D1CEEC961DC9E6F700412F07 /* Resources */ = {
			isa = PBXResourcesBuildPhase;
			buildActionMask = 2147483647;
			files = (
				D1CEECAB1DC9E6F700412F07 /* LaunchScreen.storyboard in Resources */,
				D1CEECA81DC9E6F700412F07 /* Assets.xcassets in Resources */,
				D1CEECA61DC9E6F700412F07 /* Main.storyboard in Resources */,
			);
			runOnlyForDeploymentPostprocessing = 0;
		};
/* End PBXResourcesBuildPhase section */

/* Begin PBXSourcesBuildPhase section */
		D1CEEC941DC9E6F700412F07 /* Sources */ = {
			isa = PBXSourcesBuildPhase;
			buildActionMask = 2147483647;
			files = (
				D19738531DCB2B540028890F /* CXTools.swift in Sources */,
				D1CEECB51DC9E80B00412F07 /* CXTools.m in Sources */,
				D1CEECA31DC9E6F700412F07 /* ViewController.m in Sources */,
				D1CEECA01DC9E6F700412F07 /* AppDelegate.m in Sources */,
				D1CEEC9D1DC9E6F700412F07 /* main.m in Sources */,
			);
			runOnlyForDeploymentPostprocessing = 0;
		};
/* End PBXSourcesBuildPhase section */

/* Begin PBXVariantGroup section */
		D1CEECA41DC9E6F700412F07 /* Main.storyboard */ = {
			isa = PBXVariantGroup;
			children = (
				D1CEECA51DC9E6F700412F07 /* Base */,
			);
			name = Main.storyboard;
			sourceTree = "<group>";
		};
		D1CEECA91DC9E6F700412F07 /* LaunchScreen.storyboard */ = {
			isa = PBXVariantGroup;
			children = (
				D1CEECAA1DC9E6F700412F07 /* Base */,
			);
			name = LaunchScreen.storyboard;
			sourceTree = "<group>";
		};
/* End PBXVariantGroup section */

/* Begin XCBuildConfiguration section */
		D1CEECAD1DC9E6F700412F07 /* Debug */ = {
			isa = XCBuildConfiguration;
			buildSettings = {
				ALWAYS_SEARCH_USER_PATHS = NO;
				CLANG_ANALYZER_NONNULL = YES;
				CLANG_CXX_LANGUAGE_STANDARD = "gnu++0x";
				CLANG_CXX_LIBRARY = "libc++";
				CLANG_ENABLE_MODULES = YES;
				CLANG_ENABLE_OBJC_ARC = YES;
				CLANG_WARN_BOOL_CONVERSION = YES;
				CLANG_WARN_CONSTANT_CONVERSION = YES;
				CLANG_WARN_DIRECT_OBJC_ISA_USAGE = YES_ERROR;
				CLANG_WARN_EMPTY_BODY = YES;
				CLANG_WARN_ENUM_CONVERSION = YES;
				CLANG_WARN_INT_CONVERSION = YES;
				CLANG_WARN_OBJC_ROOT_CLASS = YES_ERROR;
				CLANG_WARN_UNREACHABLE_CODE = YES;
				CLANG_WARN__DUPLICATE_METHOD_MATCH = YES;
				"CODE_SIGN_IDENTITY[sdk=iphoneos*]" = "iPhone Developer";
				COPY_PHASE_STRIP = NO;
				DEBUG_INFORMATION_FORMAT = dwarf;
				ENABLE_STRICT_OBJC_MSGSEND = YES;
				ENABLE_TESTABILITY = YES;
				GCC_C_LANGUAGE_STANDARD = gnu99;
				GCC_DYNAMIC_NO_PIC = NO;
				GCC_NO_COMMON_BLOCKS = YES;
				GCC_OPTIMIZATION_LEVEL = 0;
				GCC_PREPROCESSOR_DEFINITIONS = (
					"DEBUG=1",
					"$(inherited)",
				);
				GCC_WARN_64_TO_32_BIT_CONVERSION = YES;
				GCC_WARN_ABOUT_RETURN_TYPE = YES_ERROR;
				GCC_WARN_UNDECLARED_SELECTOR = YES;
				GCC_WARN_UNINITIALIZED_AUTOS = YES_AGGRESSIVE;
				GCC_WARN_UNUSED_FUNCTION = YES;
				GCC_WARN_UNUSED_VARIABLE = YES;
				IPHONEOS_DEPLOYMENT_TARGET = 9.3;
				MTL_ENABLE_DEBUG_INFO = YES;
				ONLY_ACTIVE_ARCH = YES;
				SDKROOT = iphoneos;
			};
			name = Debug;
		};
		D1CEECAE1DC9E6F700412F07 /* Release */ = {
			isa = XCBuildConfiguration;
			buildSettings = {
				ALWAYS_SEARCH_USER_PATHS = NO;
				CLANG_ANALYZER_NONNULL = YES;
				CLANG_CXX_LANGUAGE_STANDARD = "gnu++0x";
				CLANG_CXX_LIBRARY = "libc++";
				CLANG_ENABLE_MODULES = YES;
				CLANG_ENABLE_OBJC_ARC = YES;
				CLANG_WARN_BOOL_CONVERSION = YES;
				CLANG_WARN_CONSTANT_CONVERSION = YES;
				CLANG_WARN_DIRECT_OBJC_ISA_USAGE = YES_ERROR;
				CLANG_WARN_EMPTY_BODY = YES;
				CLANG_WARN_ENUM_CONVERSION = YES;
				CLANG_WARN_INT_CONVERSION = YES;
				CLANG_WARN_OBJC_ROOT_CLASS = YES_ERROR;
				CLANG_WARN_UNREACHABLE_CODE = YES;
				CLANG_WARN__DUPLICATE_METHOD_MATCH = YES;
				"CODE_SIGN_IDENTITY[sdk=iphoneos*]" = "iPhone Developer";
				COPY_PHASE_STRIP = NO;
				DEBUG_INFORMATION_FORMAT = "dwarf-with-dsym";
				ENABLE_NS_ASSERTIONS = NO;
				ENABLE_STRICT_OBJC_MSGSEND = YES;
				GCC_C_LANGUAGE_STANDARD = gnu99;
				GCC_NO_COMMON_BLOCKS = YES;
				GCC_WARN_64_TO_32_BIT_CONVERSION = YES;
				GCC_WARN_ABOUT_RETURN_TYPE = YES_ERROR;
				GCC_WARN_UNDECLARED_SELECTOR = YES;
				GCC_WARN_UNINITIALIZED_AUTOS = YES_AGGRESSIVE;
				GCC_WARN_UNUSED_FUNCTION = YES;
				GCC_WARN_UNUSED_VARIABLE = YES;
				IPHONEOS_DEPLOYMENT_TARGET = 9.3;
				MTL_ENABLE_DEBUG_INFO = NO;
				SDKROOT = iphoneos;
				VALIDATE_PRODUCT = YES;
			};
			name = Release;
		};
		D1CEECB01DC9E6F700412F07 /* Debug */ = {
			isa = XCBuildConfiguration;
			buildSettings = {
				ASSETCATALOG_COMPILER_APPICON_NAME = AppIcon;
				CLANG_ENABLE_MODULES = YES;
				INFOPLIST_FILE = CXTools/Info.plist;
				LD_RUNPATH_SEARCH_PATHS = "$(inherited) @executable_path/Frameworks";
				PRODUCT_BUNDLE_IDENTIFIER = CX.CXTools;
				PRODUCT_NAME = "$(TARGET_NAME)";
				SWIFT_OBJC_BRIDGING_HEADER = "CXTools/CXTools/CXTools-Bridging-Header.h";
				SWIFT_OPTIMIZATION_LEVEL = "-Onone";
				SWIFT_VERSION = 3.0;
			};
			name = Debug;
		};
		D1CEECB11DC9E6F700412F07 /* Release */ = {
			isa = XCBuildConfiguration;
			buildSettings = {
				ASSETCATALOG_COMPILER_APPICON_NAME = AppIcon;
				CLANG_ENABLE_MODULES = YES;
				INFOPLIST_FILE = CXTools/Info.plist;
				LD_RUNPATH_SEARCH_PATHS = "$(inherited) @executable_path/Frameworks";
				PRODUCT_BUNDLE_IDENTIFIER = CX.CXTools;
				PRODUCT_NAME = "$(TARGET_NAME)";
				SWIFT_OBJC_BRIDGING_HEADER = "CXTools/CXTools/CXTools-Bridging-Header.h";
				SWIFT_VERSION = 3.0;
			};
			name = Release;
		};
/* End XCBuildConfiguration section */

/* Begin XCConfigurationList section */
		D1CEEC931DC9E6F700412F07 /* Build configuration list for PBXProject "CXTools" */ = {
			isa = XCConfigurationList;
			buildConfigurations = (
				D1CEECAD1DC9E6F700412F07 /* Debug */,
				D1CEECAE1DC9E6F700412F07 /* Release */,
			);
			defaultConfigurationIsVisible = 0;
			defaultConfigurationName = Release;
		};
		D1CEECAF1DC9E6F700412F07 /* Build configuration list for PBXNativeTarget "CXTools" */ = {
			isa = XCConfigurationList;
			buildConfigurations = (
				D1CEECB01DC9E6F700412F07 /* Debug */,
				D1CEECB11DC9E6F700412F07 /* Release */,
			);
			defaultConfigurationIsVisible = 0;
			defaultConfigurationName = Release;
		};
/* End XCConfigurationList section */
	};
	rootObject = D1CEEC901DC9E6F700412F07 /* Project object */;
}
